# THIS IS AN AUTOGENERATED FILE. DO NOT EDIT THIS FILE DIRECTLY.
# yarn lockfile v1


"@dynatrace/openkit-js@latest":
  version "1.0.2"
  resolved "https://registry.yarnpkg.com/@dynatrace/openkit-js/-/openkit-js-1.0.2.tgz#62ad663a1cd0c26d5d699fdf32b7f29e3bf37e27"
  integrity sha512-GG7rPT8976LV7peRglzfILQRsBw9GPVZruy/NHdaKD3vPPq6zxRZKRHJHajIRWZXzp6NqHMvRC6W6ouFmst8mQ==
  dependencies:
    axios "^0.18.0"

"@types/node@^12.7.1":
  version "12.7.3"
  resolved "https://registry.yarnpkg.com/@types/node/-/node-12.7.3.tgz#27b3f40addaf2f580459fdb405222685542f907a"
  integrity sha512-3SiLAIBkDWDg6vFo0+5YJyHPWU9uwu40Qe+v+0MH8wRKYBimHvvAOyk3EzMrD/TrIlLYfXrqDqrg913PynrMJQ==

axios@^0.18.0:
  version "0.18.1"
  resolved "https://registry.yarnpkg.com/axios/-/axios-0.18.1.tgz#ff3f0de2e7b5d180e757ad98000f1081b87bcea3"
  integrity sha512-0BfJq4NSfQXd+SkFdrvFbG7addhYSBA2mQwISr46pD6E5iqkWg02RAs8vyTT/j0RTnoYmeXauBuSv1qKwR179g==
  dependencies:
    follow-redirects "1.5.10"
    is-buffer "^2.0.2"

axios@^0.21.1:
  version "0.21.1"
  resolved "https://registry.yarnpkg.com/axios/-/axios-0.21.1.tgz#22563481962f4d6bde9a76d516ef0e5d3c09b2b8"
  integrity sha512-dKQiRHxGD9PPRIUNIWvZhPTPpl1rf/OxTYKsqKUDjBwYylTvV7SjSHJb9ratfyzM6wCdLCOYLzs73qpg5c4iGA==
  dependencies:
    follow-redirects "^1.10.0"

debug@=3.1.0:
  version "3.1.0"
  resolved "https://registry.yarnpkg.com/debug/-/debug-3.1.0.tgz#5bb5a0672628b64149566ba16819e61518c67261"
  integrity sha512-OX8XqP7/1a9cqkxYw2yXss15f26NKWBpDXQd0/uK/KPqdQhxbPa994hnzjcE2VqQpDslf55723cKPUOGSmMY3g==
  dependencies:
    ms "2.0.0"

follow-redirects@1.5.10:
  version "1.5.10"
  resolved "https://registry.yarnpkg.com/follow-redirects/-/follow-redirects-1.5.10.tgz#7b7a9f9aea2fdff36786a94ff643ed07f4ff5e2a"
  integrity sha512-0V5l4Cizzvqt5D44aTXbFZz+FtyXV1vrDN6qrelxtfYQKW0KO0W2T/hkE8xvGa/540LkZlkaUjO4ailYTFtHVQ==
  dependencies:
    debug "=3.1.0"

follow-redirects@^1.10.0:
  version "1.13.1"
  resolved "https://registry.yarnpkg.com/follow-redirects/-/follow-redirects-1.13.1.tgz#5f69b813376cee4fd0474a3aba835df04ab763b7"
  integrity sha512-SSG5xmZh1mkPGyKzjZP8zLjltIfpW32Y5QpdNJyjcfGxK3qo3NDDkZOZSFiGn1A6SclQxY9GzEwAHQ3dmYRWpg==

is-buffer@^2.0.2:
  version "2.0.3"
  resolved "https://registry.yarnpkg.com/is-buffer/-/is-buffer-2.0.3.tgz#4ecf3fcf749cbd1e472689e109ac66261a25e725"
  integrity sha512-U15Q7MXTuZlrbymiz95PJpZxu8IlipAp4dtS3wOdgPXx3mqBnslrWU14kxfHB+Py/+2PVKSr37dMAgM2A4uArw==

ms@2.0.0:
  version "2.0.0"
  resolved "https://registry.yarnpkg.com/ms/-/ms-2.0.0.tgz#5608aeadfc00be6c2901df5f9861788de0d597c8"
  integrity sha1-VgiurfwAvmwpAd9fmGF4jeDVl8g=

typescript@^3.6.2:
  version "3.6.2"
  resolved "https://registry.yarnpkg.com/typescript/-/typescript-3.6.2.tgz#105b0f1934119dde543ac8eb71af3a91009efe54"
  integrity sha512-lmQ4L+J6mnu3xweP8+rOrUwzmN+MRAj7TgtJtDaXE5PMyX2kCrklhg3rvOsOIfNeAWMQWO2F1GPc1kMD2vLAfw==
